
Microsoft Visual Studio Solution File, Format Version 12.00
# Visual Studio Version 17
VisualStudioVersion = 17.6.33723.286
MinimumVisualStudioVersion = 10.0.40219.1
Project("{9A19103F-16F7-4668-BE54-9A1E7A4F7556}") = "TodoList", "TodoList\TodoList.csproj", "{AE2AF9C8-FCF9-4E62-9E7F-A2BB359FCDAC}"
EndProject
Global
	GlobalSection(SolutionConfigurationPlatforms) = preSolution
		Debug|Any CPU = Debug|Any CPU
		Release|Any CPU = Release|Any CPU
	EndGlobalSection
	GlobalSection(ProjectConfigurationPlatforms) = postSolution
		{AE2AF9C8-FCF9-4E62-9E7F-A2BB359FCDAC}.Debug|Any CPU.ActiveCfg = Debug|Any CPU
		{AE2AF9C8-FCF9-4E62-9E7F-A2BB359FCDAC}.Debug|Any CPU.Build.0 = Debug|Any CPU
		{AE2AF9C8-FCF9-4E62-9E7F-A2BB359FCDAC}.Release|Any CPU.ActiveCfg = Release|Any CPU
		{AE2AF9C8-FCF9-4E62-9E7F-A2BB359FCDAC}.Release|Any CPU.Build.0 = Release|Any CPU
	EndGlobalSection
	GlobalSection(SolutionProperties) = preSolution
		HideSolutionNode = FALSE
	EndGlobalSection
	GlobalSection(ExtensibilityGlobals) = postSolution
		SolutionGuid = {F69432B8-E4D2-4E76-B512-1E7189AD74D8}
	EndGlobalSection
EndGlobal
